version: 2.0
shards:
  admiral:
    git: https://github.com/jwaldrip/admiral.cr.git
    version: 1.12.1

  ameba:
    git: https://github.com/crystal-ameba/ameba.git
    version: 1.7.0-dev+git.commit.5d66fb5857664da54ee5e4f0a183b7baf20ae5b4

  ansi-escapes:
    git: https://github.com/gtramontina/ansi-escapes.cr.git
    version: 1.0.0

  baked_file_system:
    git: https://github.com/schovi/baked_file_system.git
    version: 0.11.0

  dotenv:
    git: https://github.com/gdotdesign/cr-dotenv.git
    version: 1.0.0

  markd:
    git: https://github.com/icyleaf/markd.git
    version: 0.5.0

