version: 2.0
shards:
  admiral:
    git: https://github.com/jwaldrip/admiral.cr.git
    version: 1.12.1

  ameba:
    git: https://github.com/crystal-ameba/ameba.git
    version: 1.7.0-dev+git.commit.37fe65d0d86477ecd6cf0bab2d519f2235fea6b5

  ansi-escapes:
    git: https://github.com/gtramontina/ansi-escapes.cr.git
    version: 1.0.0

  baked_file_system:
    git: https://github.com/schovi/baked_file_system.git
    version: 0.10.0+git.commit.ea0b659f43d7ce00bde66e8a87eeb4d5a112621b

  dotenv:
    git: https://github.com/gdotdesign/cr-dotenv.git
    version: 1.0.0

  markd:
    git: https://github.com/icyleaf/markd.git
    version: 0.5.0

