# THIS IS AN AUTOGENERATED FILE. DO NOT EDIT THIS FILE DIRECTLY.
# yarn lockfile v1


nan@^2.15.0:
  version "2.27.0"
  resolved "https://registry.yarnpkg.com/nan/-/nan-2.27.0.tgz#804e389f4c0e39b729a17eca85c80ebc4355c4c4"
  integrity sha512-hC+0LidcL3XE4rp1C4H54KujgXKzbfyTngZTwBByQxsOxCEKZT0MPQ4hOKUH2jU1OYstqdDH4onyHPDzcV0XdQ==

tree-sitter-cli@^0.25.10:
  version "0.25.10"
  resolved "https://registry.yarnpkg.com/tree-sitter-cli/-/tree-sitter-cli-0.25.10.tgz#edf282208b563cfb7bca8bf774e4665fb7a92893"
  integrity sha512-KoebQguKMCIghisEOdA372TIbrUl0kdnfZ9YQIBRAeOvNSKe85XbU4LuFW7hduRUwJj0rAG7pX5wo9sZhbBF1g==
